
Microsoft Visual Studio Solution File, Format Version 12.00
# Visual Studio Version 17
VisualStudioVersion = 17.9.34622.214
MinimumVisualStudioVersion = 10.0.40219.1
Project("{FAE04EC0-301F-11D3-BF4B-00C04F79EFBC}") = "NT106Lab3", "NT106Lab3\NT106Lab3.csproj", "{FFEB95C4-BEE1-4D59-9BA6-0C354327EEA0}"
EndProject
Global
	GlobalSection(SolutionConfigurationPlatforms) = preSolution
		Debug|Any CPU = Debug|Any CPU
		Release|Any CPU = Release|Any CPU
	EndGlobalSection
	GlobalSection(ProjectConfigurationPlatforms) = postSolution
		{FFEB95C4-BEE1-4D59-9BA6-0C354327EEA0}.Debug|Any CPU.ActiveCfg = Debug|Any CPU
		{FFEB95C4-BEE1-4D59-9BA6-0C354327EEA0}.Debug|Any CPU.Build.0 = Debug|Any CPU
		{FFEB95C4-BEE1-4D59-9BA6-0C354327EEA0}.Release|Any CPU.ActiveCfg = Release|Any CPU
		{FFEB95C4-BEE1-4D59-9BA6-0C354327EEA0}.Release|Any CPU.Build.0 = Release|Any CPU
	EndGlobalSection
	GlobalSection(SolutionProperties) = preSolution
		HideSolutionNode = FALSE
	EndGlobalSection
	GlobalSection(ExtensibilityGlobals) = postSolution
		SolutionGuid = {30DC6295-99C1-4436-9312-B3FD67200230}
	EndGlobalSection
EndGlobal
